// !$*UTF8*$!
{
	archiveVersion = 1;
	classes = {
	};
	objectVersion = 48;
	objects = {

/* Begin PBXBuildFile section */
		FC86C5D7203FE08800A3B122 /* AppDelegate.swift in Sources */ = {isa = PBXBuildFile; fileRef = FC86C5D6203FE08800A3B122 /* AppDelegate.swift */; };
		FC86C5D9203FE08800A3B122 /* ViewController.swift in Sources */ = {isa = PBXBuildFile; fileRef = FC86C5D8203FE08800A3B122 /* ViewController.swift */; };
		FC86C5DC203FE08800A3B122 /* Main.storyboard in Resources */ = {isa = PBXBuildFile; fileRef = FC86C5DA203FE08800A3B122 /* Main.storyboard */; };
		FC86C5DE203FE08800A3B122 /* Assets.xcassets in Resources */ = {isa = PBXBuildFile; fileRef = FC86C5DD203FE08800A3B122 /* Assets.xcassets */; };
		FC86C5E1203FE08800A3B122 /* LaunchScreen.storyboard in Resources */ = {isa = PBXBuildFile; fileRef = FC86C5DF203FE08800A3B122 /* LaunchScreen.storyboard */; };
		FC86C5EC203FE08900A3B122 /* iospro2Tests.swift in Sources */ = {isa = PBXBuildFile; fileRef = FC86C5EB203FE08900A3B122 /* iospro2Tests.swift */; };
		FC86C5F7203FE08900A3B122 /* iospro2UITests.swift in Sources */ = {isa = PBXBuildFile; fileRef = FC86C5F6203FE08900A3B122 /* iospro2UITests.swift */; };
		FC86C6062040F32A00A3B122 /* MapKit.framework in Frameworks */ = {isa = PBXBuildFile; fileRef = FC86C6052040F32A00A3B122 /* MapKit.framework */; };
		FC86C6082040FA0D00A3B122 /* MapViewController.swift in Sources */ = {isa = PBXBuildFile; fileRef = FC86C6072040FA0D00A3B122 /* MapViewController.swift */; };
/* End PBXBuildFile section */

/* Begin PBXContainerItemProxy section */
		FC86C5E8203FE08900A3B122 /* PBXContainerItemProxy */ = {
			isa = PBXContainerItemProxy;
			containerPortal = FC86C5CB203FE08800A3B122 /* Project object */;
			proxyType = 1;
			remoteGlobalIDString = FC86C5D2203FE08800A3B122;
			remoteInfo = iospro2;
		};
		FC86C5F3203FE08900A3B122 /* PBXContainerItemProxy */ = {
			isa = PBXContainerItemProxy;
			containerPortal = FC86C5CB203FE08800A3B122 /* Project object */;
			proxyType = 1;
			remoteGlobalIDString = FC86C5D2203FE08800A3B122;
			remoteInfo = iospro2;
		};
/* End PBXContainerItemProxy section */

/* Begin PBXFileReference section */
		FC86C5D3203FE08800A3B122 /* iospro2.app */ = {isa = PBXFileReference; explicitFileType = wrapper.application; includeInIndex = 0; path = iospro2.app; sourceTree = BUILT_PRODUCTS_DIR; };
		FC86C5D6203FE08800A3B122 /* AppDelegate.swift */ = {isa = PBXFileReference; lastKnownFileType = sourcecode.swift; path = AppDelegate.swift; sourceTree = "<group>"; };
		FC86C5D8203FE08800A3B122 /* ViewController.swift */ = {isa = PBXFileReference; lastKnownFileType = sourcecode.swift; path = ViewController.swift; sourceTree = "<group>"; };
		FC86C5DB203FE08800A3B122 /* Base */ = {isa = PBXFileReference; lastKnownFileType = file.storyboard; name = Base; path = Base.lproj/Main.storyboard; sourceTree = "<group>"; };
		FC86C5DD203FE08800A3B122 /* Assets.xcassets */ = {isa = PBXFileReference; lastKnownFileType = folder.assetcatalog; path = Assets.xcassets; sourceTree = "<group>"; };
		FC86C5E0203FE08800A3B122 /* Base */ = {isa = PBXFileReference; lastKnownFileType = file.storyboard; name = Base; path = Base.lproj/LaunchScreen.storyboard; sourceTree = "<group>"; };
		FC86C5E2203FE08800A3B122 /* Info.plist */ = {isa = PBXFileReference; lastKnownFileType = text.plist.xml; path = Info.plist; sourceTree = "<group>"; };
		FC86C5E7203FE08900A3B122 /* iospro2Tests.xctest */ = {isa = PBXFileReference; explicitFileType = wrapper.cfbundle; includeInIndex = 0; path = iospro2Tests.xctest; sourceTree = BUILT_PRODUCTS_DIR; };
		FC86C5EB203FE08900A3B122 /* iospro2Tests.swift */ = {isa = PBXFileReference; lastKnownFileType = sourcecode.swift; path = iospro2Tests.swift; sourceTree = "<group>"; };
		FC86C5ED203FE08900A3B122 /* Info.plist */ = {isa = PBXFileReference; lastKnownFileType = text.plist.xml; path = Info.plist; sourceTree = "<group>"; };
		FC86C5F2203FE08900A3B122 /* iospro2UITests.xctest */ = {isa = PBXFileReference; explicitFileType = wrapper.cfbundle; includeInIndex = 0; path = iospro2UITests.xctest; sourceTree = BUILT_PRODUCTS_DIR; };
		FC86C5F6203FE08900A3B122 /* iospro2UITests.swift */ = {isa = PBXFileReference; lastKnownFileType = sourcecode.swift; path = iospro2UITests.swift; sourceTree = "<group>"; };
		FC86C5F8203FE08900A3B122 /* Info.plist */ = {isa = PBXFileReference; lastKnownFileType = text.plist.xml; path = Info.plist; sourceTree = "<group>"; };
		FC86C6052040F32A00A3B122 /* MapKit.framework */ = {isa = PBXFileReference; lastKnownFileType = wrapper.framework; name = MapKit.framework; path = System/Library/Frameworks/MapKit.framework; sourceTree = SDKROOT; };
		FC86C6072040FA0D00A3B122 /* MapViewController.swift */ = {isa = PBXFileReference; lastKnownFileType = sourcecode.swift; path = MapViewController.swift; sourceTree = "<group>"; };
/* End PBXFileReference section */

/* Begin PBXFrameworksBuildPhase section */
		FC86C5D0203FE08800A3B122 /* Frameworks */ = {
			isa = PBXFrameworksBuildPhase;
			buildActionMask = 2147483647;
			files = (
				FC86C6062040F32A00A3B122 /* MapKit.framework in Frameworks */,
			);
			runOnlyForDeploymentPostprocessing = 0;
		};
		FC86C5E4203FE08900A3B122 /* Frameworks */ = {
			isa = PBXFrameworksBuildPhase;
			buildActionMask = 2147483647;
			files = (
			);
			runOnlyForDeploymentPostprocessing = 0;
		};
		FC86C5EF203FE08900A3B122 /* Frameworks */ = {
			isa = PBXFrameworksBuildPhase;
			buildActionMask = 2147483647;
			files = (
			);
			runOnlyForDeploymentPostprocessing = 0;
		};
/* End PBXFrameworksBuildPhase section */

/* Begin PBXGroup section */
		FC86C5CA203FE08800A3B122 = {
			isa = PBXGroup;
			children = (
				FC86C5D5203FE08800A3B122 /* iospro2 */,
				FC86C5EA203FE08900A3B122 /* iospro2Tests */,
				FC86C5F5203FE08900A3B122 /* iospro2UITests */,
				FC86C5D4203FE08800A3B122 /* Products */,
				FC86C6042040F32A00A3B122 /* Frameworks */,
			);
			sourceTree = "<group>";
		};
		FC86C5D4203FE08800A3B122 /* Products */ = {
			isa = PBXGroup;
			children = (
				FC86C5D3203FE08800A3B122 /* iospro2.app */,
				FC86C5E7203FE08900A3B122 /* iospro2Tests.xctest */,
				FC86C5F2203FE08900A3B122 /* iospro2UITests.xctest */,
			);
			name = Products;
			sourceTree = "<group>";
		};
		FC86C5D5203FE08800A3B122 /* iospro2 */ = {
			isa = PBXGroup;
			children = (
				FC86C5D6203FE08800A3B122 /* AppDelegate.swift */,
				FC86C5D8203FE08800A3B122 /* ViewController.swift */,
				FC86C5DA203FE08800A3B122 /* Main.storyboard */,
				FC86C5DD203FE08800A3B122 /* Assets.xcassets */,
				FC86C5DF203FE08800A3B122 /* LaunchScreen.storyboard */,
				FC86C5E2203FE08800A3B122 /* Info.plist */,
				FC86C6072040FA0D00A3B122 /* MapViewController.swift */,
			);
			path = iospro2;
			sourceTree = "<group>";
		};
		FC86C5EA203FE08900A3B122 /* iospro2Tests */ = {
			isa = PBXGroup;
			children = (
				FC86C5EB203FE08900A3B122 /* iospro2Tests.swift */,
				FC86C5ED203FE08900A3B122 /* Info.plist */,
			);
			path = iospro2Tests;
			sourceTree = "<group>";
		};
		FC86C5F5203FE08900A3B122 /* iospro2UITests */ = {
			isa = PBXGroup;
			children = (
				FC86C5F6203FE08900A3B122 /* iospro2UITests.swift */,
				FC86C5F8203FE08900A3B122 /* Info.plist */,
			);
			path = iospro2UITests;
			sourceTree = "<group>";
		};
		FC86C6042040F32A00A3B122 /* Frameworks */ = {
			isa = PBXGroup;
			children = (
				FC86C6052040F32A00A3B122 /* MapKit.framework */,
			);
			name = Frameworks;
			sourceTree = "<group>";
		};
/* End PBXGroup section */

/* Begin PBXNativeTarget section */
		FC86C5D2203FE08800A3B122 /* iospro2 */ = {
			isa = PBXNativeTarget;
			buildConfigurationList = FC86C5FB203FE08900A3B122 /* Build configuration list for PBXNativeTarget "iospro2" */;
			buildPhases = (
				FC86C5CF203FE08800A3B122 /* Sources */,
				FC86C5D0203FE08800A3B122 /* Frameworks */,
				FC86C5D1203FE08800A3B122 /* Resources */,
			);
			buildRules = (
			);
			dependencies = (
			);
			name = iospro2;
			productName = iospro2;
			productReference = FC86C5D3203FE08800A3B122 /* iospro2.app */;
			productType = "com.apple.product-type.application";
		};
		FC86C5E6203FE08900A3B122 /* iospro2Tests */ = {
			isa = PBXNativeTarget;
			buildConfigurationList = FC86C5FE203FE08900A3B122 /* Build configuration list for PBXNativeTarget "iospro2Tests" */;
			buildPhases = (
				FC86C5E3203FE08900A3B122 /* Sources */,
				FC86C5E4203FE08900A3B122 /* Frameworks */,
				FC86C5E5203FE08900A3B122 /* Resources */,
			);
			buildRules = (
			);
			dependencies = (
				FC86C5E9203FE08900A3B122 /* PBXTargetDependency */,
			);
			name = iospro2Tests;
			productName = iospro2Tests;
			productReference = FC86C5E7203FE08900A3B122 /* iospro2Tests.xctest */;
			productType = "com.apple.product-type.bundle.unit-test";
		};
		FC86C5F1203FE08900A3B122 /* iospro2UITests */ = {
			isa = PBXNativeTarget;
			buildConfigurationList = FC86C601203FE08900A3B122 /* Build configuration list for PBXNativeTarget "iospro2UITests" */;
			buildPhases = (
				FC86C5EE203FE08900A3B122 /* Sources */,
				FC86C5EF203FE08900A3B122 /* Frameworks */,
				FC86C5F0203FE08900A3B122 /* Resources */,
			);
			buildRules = (
			);
			dependencies = (
				FC86C5F4203FE08900A3B122 /* PBXTargetDependency */,
			);
			name = iospro2UITests;
			productName = iospro2UITests;
			productReference = FC86C5F2203FE08900A3B122 /* iospro2UITests.xctest */;
			productType = "com.apple.product-type.bundle.ui-testing";
		};
/* End PBXNativeTarget section */

/* Begin PBXProject section */
		FC86C5CB203FE08800A3B122 /* Project object */ = {
			isa = PBXProject;
			attributes = {
				LastSwiftUpdateCheck = 0920;
				LastUpgradeCheck = 0920;
				ORGANIZATIONNAME = yclxiao;
				TargetAttributes = {
					FC86C5D2203FE08800A3B122 = {
						CreatedOnToolsVersion = 9.2;
						ProvisioningStyle = Automatic;
					};
					FC86C5E6203FE08900A3B122 = {
						CreatedOnToolsVersion = 9.2;
						ProvisioningStyle = Automatic;
						TestTargetID = FC86C5D2203FE08800A3B122;
					};
					FC86C5F1203FE08900A3B122 = {
						CreatedOnToolsVersion = 9.2;
						ProvisioningStyle = Automatic;
						TestTargetID = FC86C5D2203FE08800A3B122;
					};
				};
			};
			buildConfigurationList = FC86C5CE203FE08800A3B122 /* Build configuration list for PBXProject "iospro2" */;
			compatibilityVersion = "Xcode 8.0";
			developmentRegion = en;
			hasScannedForEncodings = 0;
			knownRegions = (
				en,
				Base,
			);
			mainGroup = FC86C5CA203FE08800A3B122;
			productRefGroup = FC86C5D4203FE08800A3B122 /* Products */;
			projectDirPath = "";
			projectRoot = "";
			targets = (
				FC86C5D2203FE08800A3B122 /* iospro2 */,
				FC86C5E6203FE08900A3B122 /* iospro2Tests */,
				FC86C5F1203FE08900A3B122 /* iospro2UITests */,
			);
		};
/* End PBXProject section */

/* Begin PBXResourcesBuildPhase section */
		FC86C5D1203FE08800A3B122 /* Resources */ = {
			isa = PBXResourcesBuildPhase;
			buildActionMask = 2147483647;
			files = (
				FC86C5E1203FE08800A3B122 /* LaunchScreen.storyboard in Resources */,
				FC86C5DE203FE08800A3B122 /* Assets.xcassets in Resources */,
				FC86C5DC203FE08800A3B122 /* Main.storyboard in Resources */,
			);
			runOnlyForDeploymentPostprocessing = 0;
		};
		FC86C5E5203FE08900A3B122 /* Resources */ = {
			isa = PBXResourcesBuildPhase;
			buildActionMask = 2147483647;
			files = (
			);
			runOnlyForDeploymentPostprocessing = 0;
		};
		FC86C5F0203FE08900A3B122 /* Resources */ = {
			isa = PBXResourcesBuildPhase;
			buildActionMask = 2147483647;
			files = (
			);
			runOnlyForDeploymentPostprocessing = 0;
		};
/* End PBXResourcesBuildPhase section */

/* Begin PBXSourcesBuildPhase section */
		FC86C5CF203FE08800A3B122 /* Sources */ = {
			isa = PBXSourcesBuildPhase;
			buildActionMask = 2147483647;
			files = (
				FC86C5D9203FE08800A3B122 /* ViewController.swift in Sources */,
				FC86C6082040FA0D00A3B122 /* MapViewController.swift in Sources */,
				FC86C5D7203FE08800A3B122 /* AppDelegate.swift in Sources */,
			);
			runOnlyForDeploymentPostprocessing = 0;
		};
		FC86C5E3203FE08900A3B122 /* Sources */ = {
			isa = PBXSourcesBuildPhase;
			buildActionMask = 2147483647;
			files = (
				FC86C5EC203FE08900A3B122 /* iospro2Tests.swift in Sources */,
			);
			runOnlyForDeploymentPostprocessing = 0;
		};
		FC86C5EE203FE08900A3B122 /* Sources */ = {
			isa = PBXSourcesBuildPhase;
			buildActionMask = 2147483647;
			files = (
				FC86C5F7203FE08900A3B122 /* iospro2UITests.swift in Sources */,
			);
			runOnlyForDeploymentPostprocessing = 0;
		};
/* End PBXSourcesBuildPhase section */

/* Begin PBXTargetDependency section */
		FC86C5E9203FE08900A3B122 /* PBXTargetDependency */ = {
			isa = PBXTargetDependency;
			target = FC86C5D2203FE08800A3B122 /* iospro2 */;
			targetProxy = FC86C5E8203FE08900A3B122 /* PBXContainerItemProxy */;
		};
		FC86C5F4203FE08900A3B122 /* PBXTargetDependency */ = {
			isa = PBXTargetDependency;
			target = FC86C5D2203FE08800A3B122 /* iospro2 */;
			targetProxy = FC86C5F3203FE08900A3B122 /* PBXContainerItemProxy */;
		};
/* End PBXTargetDependency section */

/* Begin PBXVariantGroup section */
		FC86C5DA203FE08800A3B122 /* Main.storyboard */ = {
			isa = PBXVariantGroup;
			children = (
				FC86C5DB203FE08800A3B122 /* Base */,
			);
			name = Main.storyboard;
			sourceTree = "<group>";
		};
		FC86C5DF203FE08800A3B122 /* LaunchScreen.storyboard */ = {
			isa = PBXVariantGroup;
			children = (
				FC86C5E0203FE08800A3B122 /* Base */,
			);
			name = LaunchScreen.storyboard;
			sourceTree = "<group>";
		};
/* End PBXVariantGroup section */

/* Begin XCBuildConfiguration section */
		FC86C5F9203FE08900A3B122 /* Debug */ = {
			isa = XCBuildConfiguration;
			buildSettings = {
				ALWAYS_SEARCH_USER_PATHS = NO;
				CLANG_ANALYZER_NONNULL = YES;
				CLANG_ANALYZER_NUMBER_OBJECT_CONVERSION = YES_AGGRESSIVE;
				CLANG_CXX_LANGUAGE_STANDARD = "gnu++14";
				CLANG_CXX_LIBRARY = "libc++";
				CLANG_ENABLE_MODULES = YES;
				CLANG_ENABLE_OBJC_ARC = YES;
				CLANG_WARN_BLOCK_CAPTURE_AUTORELEASING = YES;
				CLANG_WARN_BOOL_CONVERSION = YES;
				CLANG_WARN_COMMA = YES;
				CLANG_WARN_CONSTANT_CONVERSION = YES;
				CLANG_WARN_DIRECT_OBJC_ISA_USAGE = YES_ERROR;
				CLANG_WARN_DOCUMENTATION_COMMENTS = YES;
				CLANG_WARN_EMPTY_BODY = YES;
				CLANG_WARN_ENUM_CONVERSION = YES;
				CLANG_WARN_INFINITE_RECURSION = YES;
				CLANG_WARN_INT_CONVERSION = YES;
				CLANG_WARN_NON_LITERAL_NULL_CONVERSION = YES;
				CLANG_WARN_OBJC_LITERAL_CONVERSION = YES;
				CLANG_WARN_OBJC_ROOT_CLASS = YES_ERROR;
				CLANG_WARN_RANGE_LOOP_ANALYSIS = YES;
				CLANG_WARN_STRICT_PROTOTYPES = YES;
				CLANG_WARN_SUSPICIOUS_MOVE = YES;
				CLANG_WARN_UNGUARDED_AVAILABILITY = YES_AGGRESSIVE;
				CLANG_WARN_UNREACHABLE_CODE = YES;
				CLANG_WARN__DUPLICATE_METHOD_MATCH = YES;
				CODE_SIGN_IDENTITY = "iPhone Developer";
				COPY_PHASE_STRIP = NO;
				DEBUG_INFORMATION_FORMAT = dwarf;
				ENABLE_STRICT_OBJC_MSGSEND = YES;
				ENABLE_TESTABILITY = YES;
				GCC_C_LANGUAGE_STANDARD = gnu11;
				GCC_DYNAMIC_NO_PIC = NO;
				GCC_NO_COMMON_BLOCKS = YES;
				GCC_OPTIMIZATION_LEVEL = 0;
				GCC_PREPROCESSOR_DEFINITIONS = (
					"DEBUG=1",
					"$(inherited)",
				);
				GCC_WARN_64_TO_32_BIT_CONVERSION = YES;
				GCC_WARN_ABOUT_RETURN_TYPE = YES_ERROR;
				GCC_WARN_UNDECLARED_SELECTOR = YES;
				GCC_WARN_UNINITIALIZED_AUTOS = YES_AGGRESSIVE;
				GCC_WARN_UNUSED_FUNCTION = YES;
				GCC_WARN_UNUSED_VARIABLE = YES;
				IPHONEOS_DEPLOYMENT_TARGET = 11.2;
				MTL_ENABLE_DEBUG_INFO = YES;
				ONLY_ACTIVE_ARCH = YES;
				SDKROOT = iphoneos;
				SWIFT_ACTIVE_COMPILATION_CONDITIONS = DEBUG;
				SWIFT_OPTIMIZATION_LEVEL = "-Onone";
			};
			name = Debug;
		};
		FC86C5FA203FE08900A3B122 /* Release */ = {
			isa = XCBuildConfiguration;
			buildSettings = {
				ALWAYS_SEARCH_USER_PATHS = NO;
				CLANG_ANALYZER_NONNULL = YES;
				CLANG_ANALYZER_NUMBER_OBJECT_CONVERSION = YES_AGGRESSIVE;
				CLANG_CXX_LANGUAGE_STANDARD = "gnu++14";
				CLANG_CXX_LIBRARY = "libc++";
				CLANG_ENABLE_MODULES = YES;
				CLANG_ENABLE_OBJC_ARC = YES;
				CLANG_WARN_BLOCK_CAPTURE_AUTORELEASING = YES;
				CLANG_WARN_BOOL_CONVERSION = YES;
				CLANG_WARN_COMMA = YES;
				CLANG_WARN_CONSTANT_CONVERSION = YES;
				CLANG_WARN_DIRECT_OBJC_ISA_USAGE = YES_ERROR;
				CLANG_WARN_DOCUMENTATION_COMMENTS = YES;
				CLANG_WARN_EMPTY_BODY = YES;
				CLANG_WARN_ENUM_CONVERSION = YES;
				CLANG_WARN_INFINITE_RECURSION = YES;
				CLANG_WARN_INT_CONVERSION = YES;
				CLANG_WARN_NON_LITERAL_NULL_CONVERSION = YES;
				CLANG_WARN_OBJC_LITERAL_CONVERSION = YES;
				CLANG_WARN_OBJC_ROOT_CLASS = YES_ERROR;
				CLANG_WARN_RANGE_LOOP_ANALYSIS = YES;
				CLANG_WARN_STRICT_PROTOTYPES = YES;
				CLANG_WARN_SUSPICIOUS_MOVE = YES;
				CLANG_WARN_UNGUARDED_AVAILABILITY = YES_AGGRESSIVE;
				CLANG_WARN_UNREACHABLE_CODE = YES;
				CLANG_WARN__DUPLICATE_METHOD_MATCH = YES;
				CODE_SIGN_IDENTITY = "iPhone Developer";
				COPY_PHASE_STRIP = NO;
				DEBUG_INFORMATION_FORMAT = "dwarf-with-dsym";
				ENABLE_NS_ASSERTIONS = NO;
				ENABLE_STRICT_OBJC_MSGSEND = YES;
				GCC_C_LANGUAGE_STANDARD = gnu11;
				GCC_NO_COMMON_BLOCKS = YES;
				GCC_WARN_64_TO_32_BIT_CONVERSION = YES;
				GCC_WARN_ABOUT_RETURN_TYPE = YES_ERROR;
				GCC_WARN_UNDECLARED_SELECTOR = YES;
				GCC_WARN_UNINITIALIZED_AUTOS = YES_AGGRESSIVE;
				GCC_WARN_UNUSED_FUNCTION = YES;
				GCC_WARN_UNUSED_VARIABLE = YES;
				IPHONEOS_DEPLOYMENT_TARGET = 11.2;
				MTL_ENABLE_DEBUG_INFO = NO;
				SDKROOT = iphoneos;
				SWIFT_OPTIMIZATION_LEVEL = "-Owholemodule";
				VALIDATE_PRODUCT = YES;
			};
			name = Release;
		};
		FC86C5FC203FE08900A3B122 /* Debug */ = {
			isa = XCBuildConfiguration;
			buildSettings = {
				ASSETCATALOG_COMPILER_APPICON_NAME = AppIcon;
				CODE_SIGN_STYLE = Automatic;
				DEVELOPMENT_TEAM = 74PFUL8KG7;
				INFOPLIST_FILE = iospro2/Info.plist;
				LD_RUNPATH_SEARCH_PATHS = "$(inherited) @executable_path/Frameworks";
				PRODUCT_BUNDLE_IDENTIFIER = com.yclxiao.iospro2;
				PRODUCT_NAME = "$(TARGET_NAME)";
				SWIFT_VERSION = 4.0;
				TARGETED_DEVICE_FAMILY = "1,2";
			};
			name = Debug;
		};
		FC86C5FD203FE08900A3B122 /* Release */ = {
			isa = XCBuildConfiguration;
			buildSettings = {
				ASSETCATALOG_COMPILER_APPICON_NAME = AppIcon;
				CODE_SIGN_STYLE = Automatic;
				DEVELOPMENT_TEAM = 74PFUL8KG7;
				INFOPLIST_FILE = iospro2/Info.plist;
				LD_RUNPATH_SEARCH_PATHS = "$(inherited) @executable_path/Frameworks";
				PRODUCT_BUNDLE_IDENTIFIER = com.yclxiao.iospro2;
				PRODUCT_NAME = "$(TARGET_NAME)";
				SWIFT_VERSION = 4.0;
				TARGETED_DEVICE_FAMILY = "1,2";
			};
			name = Release;
		};
		FC86C5FF203FE08900A3B122 /* Debug */ = {
			isa = XCBuildConfiguration;
			buildSettings = {
				ALWAYS_EMBED_SWIFT_STANDARD_LIBRARIES = YES;
				BUNDLE_LOADER = "$(TEST_HOST)";
				CODE_SIGN_STYLE = Automatic;
				DEVELOPMENT_TEAM = 74PFUL8KG7;
				INFOPLIST_FILE = iospro2Tests/Info.plist;
				LD_RUNPATH_SEARCH_PATHS = "$(inherited) @executable_path/Frameworks @loader_path/Frameworks";
				PRODUCT_BUNDLE_IDENTIFIER = com.yclxiao.iospro2Tests;
				PRODUCT_NAME = "$(TARGET_NAME)";
				SWIFT_VERSION = 4.0;
				TARGETED_DEVICE_FAMILY = "1,2";
				TEST_HOST = "$(BUILT_PRODUCTS_DIR)/iospro2.app/iospro2";
			};
			name = Debug;
		};
		FC86C600203FE08900A3B122 /* Release */ = {
			isa = XCBuildConfiguration;
			buildSettings = {
				ALWAYS_EMBED_SWIFT_STANDARD_LIBRARIES = YES;
				BUNDLE_LOADER = "$(TEST_HOST)";
				CODE_SIGN_STYLE = Automatic;
				DEVELOPMENT_TEAM = 74PFUL8KG7;
				INFOPLIST_FILE = iospro2Tests/Info.plist;
				LD_RUNPATH_SEARCH_PATHS = "$(inherited) @executable_path/Frameworks @loader_path/Frameworks";
				PRODUCT_BUNDLE_IDENTIFIER = com.yclxiao.iospro2Tests;
				PRODUCT_NAME = "$(TARGET_NAME)";
				SWIFT_VERSION = 4.0;
				TARGETED_DEVICE_FAMILY = "1,2";
				TEST_HOST = "$(BUILT_PRODUCTS_DIR)/iospro2.app/iospro2";
			};
			name = Release;
		};
		FC86C602203FE08900A3B122 /* Debug */ = {
			isa = XCBuildConfiguration;
			buildSettings = {
				ALWAYS_EMBED_SWIFT_STANDARD_LIBRARIES = YES;
				CODE_SIGN_STYLE = Automatic;
				DEVELOPMENT_TEAM = 74PFUL8KG7;
				INFOPLIST_FILE = iospro2UITests/Info.plist;
				LD_RUNPATH_SEARCH_PATHS = "$(inherited) @executable_path/Frameworks @loader_path/Frameworks";
				PRODUCT_BUNDLE_IDENTIFIER = com.yclxiao.iospro2UITests;
				PRODUCT_NAME = "$(TARGET_NAME)";
				SWIFT_VERSION = 4.0;
				TARGETED_DEVICE_FAMILY = "1,2";
				TEST_TARGET_NAME = iospro2;
			};
			name = Debug;
		};
		FC86C603203FE08900A3B122 /* Release */ = {
			isa = XCBuildConfiguration;
			buildSettings = {
				ALWAYS_EMBED_SWIFT_STANDARD_LIBRARIES = YES;
				CODE_SIGN_STYLE = Automatic;
				DEVELOPMENT_TEAM = 74PFUL8KG7;
				INFOPLIST_FILE = iospro2UITests/Info.plist;
				LD_RUNPATH_SEARCH_PATHS = "$(inherited) @executable_path/Frameworks @loader_path/Frameworks";
				PRODUCT_BUNDLE_IDENTIFIER = com.yclxiao.iospro2UITests;
				PRODUCT_NAME = "$(TARGET_NAME)";
				SWIFT_VERSION = 4.0;
				TARGETED_DEVICE_FAMILY = "1,2";
				TEST_TARGET_NAME = iospro2;
			};
			name = Release;
		};
/* End XCBuildConfiguration section */

/* Begin XCConfigurationList section */
		FC86C5CE203FE08800A3B122 /* Build configuration list for PBXProject "iospro2" */ = {
			isa = XCConfigurationList;
			buildConfigurations = (
				FC86C5F9203FE08900A3B122 /* Debug */,
				FC86C5FA203FE08900A3B122 /* Release */,
			);
			defaultConfigurationIsVisible = 0;
			defaultConfigurationName = Release;
		};
		FC86C5FB203FE08900A3B122 /* Build configuration list for PBXNativeTarget "iospro2" */ = {
			isa = XCConfigurationList;
			buildConfigurations = (
				FC86C5FC203FE08900A3B122 /* Debug */,
				FC86C5FD203FE08900A3B122 /* Release */,
			);
			defaultConfigurationIsVisible = 0;
			defaultConfigurationName = Release;
		};
		FC86C5FE203FE08900A3B122 /* Build configuration list for PBXNativeTarget "iospro2Tests" */ = {
			isa = XCConfigurationList;
			buildConfigurations = (
				FC86C5FF203FE08900A3B122 /* Debug */,
				FC86C600203FE08900A3B122 /* Release */,
			);
			defaultConfigurationIsVisible = 0;
			defaultConfigurationName = Release;
		};
		FC86C601203FE08900A3B122 /* Build configuration list for PBXNativeTarget "iospro2UITests" */ = {
			isa = XCConfigurationList;
			buildConfigurations = (
				FC86C602203FE08900A3B122 /* Debug */,
				FC86C603203FE08900A3B122 /* Release */,
			);
			defaultConfigurationIsVisible = 0;
			defaultConfigurationName = Release;
		};
/* End XCConfigurationList section */
	};
	rootObject = FC86C5CB203FE08800A3B122 /* Project object */;
}
